// !$*UTF8*$!
{
	archiveVersion = 1;
	classes = {
	};
	objectVersion = 50;
	objects = {

/* Begin PBXBuildFile section */
		13F6D5AC22ABD96C007C0853 /* AppDelegate.swift in Sources */ = {isa = PBXBuildFile; fileRef = 13F6D5AB22ABD96C007C0853 /* AppDelegate.swift */; };
		13F6D5AE22ABD96C007C0853 /* ViewController.swift in Sources */ = {isa = PBXBuildFile; fileRef = 13F6D5AD22ABD96C007C0853 /* ViewController.swift */; };
		13F6D5B122ABD96C007C0853 /* Main.storyboard in Resources */ = {isa = PBXBuildFile; fileRef = 13F6D5AF22ABD96C007C0853 /* Main.storyboard */; };
		13F6D5B322ABD96F007C0853 /* Assets.xcassets in Resources */ = {isa = PBXBuildFile; fileRef = 13F6D5B222ABD96F007C0853 /* Assets.xcassets */; };
		13F6D5B622ABD96F007C0853 /* LaunchScreen.storyboard in Resources */ = {isa = PBXBuildFile; fileRef = 13F6D5B422ABD96F007C0853 /* LaunchScreen.storyboard */; };
		13F6D5C122ABD96F007C0853 /* _019_06_09_MODEL_VIEW_CONTROLLERTests.swift in Sources */ = {isa = PBXBuildFile; fileRef = 13F6D5C022ABD96F007C0853 /* _019_06_09_MODEL_VIEW_CONTROLLERTests.swift */; };
		13F6D5CC22ABD96F007C0853 /* _019_06_09_MODEL_VIEW_CONTROLLERUITests.swift in Sources */ = {isa = PBXBuildFile; fileRef = 13F6D5CB22ABD96F007C0853 /* _019_06_09_MODEL_VIEW_CONTROLLERUITests.swift */; };
/* End PBXBuildFile section */

/* Begin PBXContainerItemProxy section */
		13F6D5BD22ABD96F007C0853 /* PBXContainerItemProxy */ = {
			isa = PBXContainerItemProxy;
			containerPortal = 13F6D5A022ABD96C007C0853 /* Project object */;
			proxyType = 1;
			remoteGlobalIDString = 13F6D5A722ABD96C007C0853;
			remoteInfo = "2019-06-09-MODEL-VIEW-CONTROLLER";
		};
		13F6D5C822ABD96F007C0853 /* PBXContainerItemProxy */ = {
			isa = PBXContainerItemProxy;
			containerPortal = 13F6D5A022ABD96C007C0853 /* Project object */;
			proxyType = 1;
			remoteGlobalIDString = 13F6D5A722ABD96C007C0853;
			remoteInfo = "2019-06-09-MODEL-VIEW-CONTROLLER";
		};
/* End PBXContainerItemProxy section */

/* Begin PBXFileReference section */
		13F6D5A822ABD96C007C0853 /* 2019-06-09-MODEL-VIEW-CONTROLLER.app */ = {isa = PBXFileReference; explicitFileType = wrapper.application; includeInIndex = 0; path = "2019-06-09-MODEL-VIEW-CONTROLLER.app"; sourceTree = BUILT_PRODUCTS_DIR; };
		13F6D5AB22ABD96C007C0853 /* AppDelegate.swift */ = {isa = PBXFileReference; lastKnownFileType = sourcecode.swift; path = AppDelegate.swift; sourceTree = "<group>"; };
		13F6D5AD22ABD96C007C0853 /* ViewController.swift */ = {isa = PBXFileReference; lastKnownFileType = sourcecode.swift; path = ViewController.swift; sourceTree = "<group>"; };
		13F6D5B022ABD96C007C0853 /* Base */ = {isa = PBXFileReference; lastKnownFileType = file.storyboard; name = Base; path = Base.lproj/Main.storyboard; sourceTree = "<group>"; };
		13F6D5B222ABD96F007C0853 /* Assets.xcassets */ = {isa = PBXFileReference; lastKnownFileType = folder.assetcatalog; path = Assets.xcassets; sourceTree = "<group>"; };
		13F6D5B522ABD96F007C0853 /* Base */ = {isa = PBXFileReference; lastKnownFileType = file.storyboard; name = Base; path = Base.lproj/LaunchScreen.storyboard; sourceTree = "<group>"; };
		13F6D5B722ABD96F007C0853 /* Info.plist */ = {isa = PBXFileReference; lastKnownFileType = text.plist.xml; path = Info.plist; sourceTree = "<group>"; };
		13F6D5BC22ABD96F007C0853 /* 2019-06-09-MODEL-VIEW-CONTROLLERTests.xctest */ = {isa = PBXFileReference; explicitFileType = wrapper.cfbundle; includeInIndex = 0; path = "2019-06-09-MODEL-VIEW-CONTROLLERTests.xctest"; sourceTree = BUILT_PRODUCTS_DIR; };
		13F6D5C022ABD96F007C0853 /* _019_06_09_MODEL_VIEW_CONTROLLERTests.swift */ = {isa = PBXFileReference; lastKnownFileType = sourcecode.swift; path = _019_06_09_MODEL_VIEW_CONTROLLERTests.swift; sourceTree = "<group>"; };
		13F6D5C222ABD96F007C0853 /* Info.plist */ = {isa = PBXFileReference; lastKnownFileType = text.plist.xml; path = Info.plist; sourceTree = "<group>"; };
		13F6D5C722ABD96F007C0853 /* 2019-06-09-MODEL-VIEW-CONTROLLERUITests.xctest */ = {isa = PBXFileReference; explicitFileType = wrapper.cfbundle; includeInIndex = 0; path = "2019-06-09-MODEL-VIEW-CONTROLLERUITests.xctest"; sourceTree = BUILT_PRODUCTS_DIR; };
		13F6D5CB22ABD96F007C0853 /* _019_06_09_MODEL_VIEW_CONTROLLERUITests.swift */ = {isa = PBXFileReference; lastKnownFileType = sourcecode.swift; path = _019_06_09_MODEL_VIEW_CONTROLLERUITests.swift; sourceTree = "<group>"; };
		13F6D5CD22ABD96F007C0853 /* Info.plist */ = {isa = PBXFileReference; lastKnownFileType = text.plist.xml; path = Info.plist; sourceTree = "<group>"; };
/* End PBXFileReference section */

/* Begin PBXFrameworksBuildPhase section */
		13F6D5A522ABD96C007C0853 /* Frameworks */ = {
			isa = PBXFrameworksBuildPhase;
			buildActionMask = 2147483647;
			files = (
			);
			runOnlyForDeploymentPostprocessing = 0;
		};
		13F6D5B922ABD96F007C0853 /* Frameworks */ = {
			isa = PBXFrameworksBuildPhase;
			buildActionMask = 2147483647;
			files = (
			);
			runOnlyForDeploymentPostprocessing = 0;
		};
		13F6D5C422ABD96F007C0853 /* Frameworks */ = {
			isa = PBXFrameworksBuildPhase;
			buildActionMask = 2147483647;
			files = (
			);
			runOnlyForDeploymentPostprocessing = 0;
		};
/* End PBXFrameworksBuildPhase section */

/* Begin PBXGroup section */
		13F6D59F22ABD96C007C0853 = {
			isa = PBXGroup;
			children = (
				13F6D5AA22ABD96C007C0853 /* 2019-06-09-MODEL-VIEW-CONTROLLER */,
				13F6D5BF22ABD96F007C0853 /* 2019-06-09-MODEL-VIEW-CONTROLLERTests */,
				13F6D5CA22ABD96F007C0853 /* 2019-06-09-MODEL-VIEW-CONTROLLERUITests */,
				13F6D5A922ABD96C007C0853 /* Products */,
			);
			sourceTree = "<group>";
		};
		13F6D5A922ABD96C007C0853 /* Products */ = {
			isa = PBXGroup;
			children = (
				13F6D5A822ABD96C007C0853 /* 2019-06-09-MODEL-VIEW-CONTROLLER.app */,
				13F6D5BC22ABD96F007C0853 /* 2019-06-09-MODEL-VIEW-CONTROLLERTests.xctest */,
				13F6D5C722ABD96F007C0853 /* 2019-06-09-MODEL-VIEW-CONTROLLERUITests.xctest */,
			);
			name = Products;
			sourceTree = "<group>";
		};
		13F6D5AA22ABD96C007C0853 /* 2019-06-09-MODEL-VIEW-CONTROLLER */ = {
			isa = PBXGroup;
			children = (
				13F6D5AB22ABD96C007C0853 /* AppDelegate.swift */,
				13F6D5AD22ABD96C007C0853 /* ViewController.swift */,
				13F6D5AF22ABD96C007C0853 /* Main.storyboard */,
				13F6D5B222ABD96F007C0853 /* Assets.xcassets */,
				13F6D5B422ABD96F007C0853 /* LaunchScreen.storyboard */,
				13F6D5B722ABD96F007C0853 /* Info.plist */,
			);
			path = "2019-06-09-MODEL-VIEW-CONTROLLER";
			sourceTree = "<group>";
		};
		13F6D5BF22ABD96F007C0853 /* 2019-06-09-MODEL-VIEW-CONTROLLERTests */ = {
			isa = PBXGroup;
			children = (
				13F6D5C022ABD96F007C0853 /* _019_06_09_MODEL_VIEW_CONTROLLERTests.swift */,
				13F6D5C222ABD96F007C0853 /* Info.plist */,
			);
			path = "2019-06-09-MODEL-VIEW-CONTROLLERTests";
			sourceTree = "<group>";
		};
		13F6D5CA22ABD96F007C0853 /* 2019-06-09-MODEL-VIEW-CONTROLLERUITests */ = {
			isa = PBXGroup;
			children = (
				13F6D5CB22ABD96F007C0853 /* _019_06_09_MODEL_VIEW_CONTROLLERUITests.swift */,
				13F6D5CD22ABD96F007C0853 /* Info.plist */,
			);
			path = "2019-06-09-MODEL-VIEW-CONTROLLERUITests";
			sourceTree = "<group>";
		};
/* End PBXGroup section */

/* Begin PBXNativeTarget section */
		13F6D5A722ABD96C007C0853 /* 2019-06-09-MODEL-VIEW-CONTROLLER */ = {
			isa = PBXNativeTarget;
			buildConfigurationList = 13F6D5D022ABD96F007C0853 /* Build configuration list for PBXNativeTarget "2019-06-09-MODEL-VIEW-CONTROLLER" */;
			buildPhases = (
				13F6D5A422ABD96C007C0853 /* Sources */,
				13F6D5A522ABD96C007C0853 /* Frameworks */,
				13F6D5A622ABD96C007C0853 /* Resources */,
			);
			buildRules = (
			);
			dependencies = (
			);
			name = "2019-06-09-MODEL-VIEW-CONTROLLER";
			productName = "2019-06-09-MODEL-VIEW-CONTROLLER";
			productReference = 13F6D5A822ABD96C007C0853 /* 2019-06-09-MODEL-VIEW-CONTROLLER.app */;
			productType = "com.apple.product-type.application";
		};
		13F6D5BB22ABD96F007C0853 /* 2019-06-09-MODEL-VIEW-CONTROLLERTests */ = {
			isa = PBXNativeTarget;
			buildConfigurationList = 13F6D5D322ABD96F007C0853 /* Build configuration list for PBXNativeTarget "2019-06-09-MODEL-VIEW-CONTROLLERTests" */;
			buildPhases = (
				13F6D5B822ABD96F007C0853 /* Sources */,
				13F6D5B922ABD96F007C0853 /* Frameworks */,
				13F6D5BA22ABD96F007C0853 /* Resources */,
			);
			buildRules = (
			);
			dependencies = (
				13F6D5BE22ABD96F007C0853 /* PBXTargetDependency */,
			);
			name = "2019-06-09-MODEL-VIEW-CONTROLLERTests";
			productName = "2019-06-09-MODEL-VIEW-CONTROLLERTests";
			productReference = 13F6D5BC22ABD96F007C0853 /* 2019-06-09-MODEL-VIEW-CONTROLLERTests.xctest */;
			productType = "com.apple.product-type.bundle.unit-test";
		};
		13F6D5C622ABD96F007C0853 /* 2019-06-09-MODEL-VIEW-CONTROLLERUITests */ = {
			isa = PBXNativeTarget;
			buildConfigurationList = 13F6D5D622ABD96F007C0853 /* Build configuration list for PBXNativeTarget "2019-06-09-MODEL-VIEW-CONTROLLERUITests" */;
			buildPhases = (
				13F6D5C322ABD96F007C0853 /* Sources */,
				13F6D5C422ABD96F007C0853 /* Frameworks */,
				13F6D5C522ABD96F007C0853 /* Resources */,
			);
			buildRules = (
			);
			dependencies = (
				13F6D5C922ABD96F007C0853 /* PBXTargetDependency */,
			);
			name = "2019-06-09-MODEL-VIEW-CONTROLLERUITests";
			productName = "2019-06-09-MODEL-VIEW-CONTROLLERUITests";
			productReference = 13F6D5C722ABD96F007C0853 /* 2019-06-09-MODEL-VIEW-CONTROLLERUITests.xctest */;
			productType = "com.apple.product-type.bundle.ui-testing";
		};
/* End PBXNativeTarget section */

/* Begin PBXProject section */
		13F6D5A022ABD96C007C0853 /* Project object */ = {
			isa = PBXProject;
			attributes = {
				LastSwiftUpdateCheck = 1010;
				LastUpgradeCheck = 1010;
				ORGANIZATIONNAME = "Digital House";
				TargetAttributes = {
					13F6D5A722ABD96C007C0853 = {
						CreatedOnToolsVersion = 10.1;
					};
					13F6D5BB22ABD96F007C0853 = {
						CreatedOnToolsVersion = 10.1;
						TestTargetID = 13F6D5A722ABD96C007C0853;
					};
					13F6D5C622ABD96F007C0853 = {
						CreatedOnToolsVersion = 10.1;
						TestTargetID = 13F6D5A722ABD96C007C0853;
					};
				};
			};
			buildConfigurationList = 13F6D5A322ABD96C007C0853 /* Build configuration list for PBXProject "2019-06-09-MODEL-VIEW-CONTROLLER" */;
			compatibilityVersion = "Xcode 9.3";
			developmentRegion = en;
			hasScannedForEncodings = 0;
			knownRegions = (
				en,
				Base,
			);
			mainGroup = 13F6D59F22ABD96C007C0853;
			productRefGroup = 13F6D5A922ABD96C007C0853 /* Products */;
			projectDirPath = "";
			projectRoot = "";
			targets = (
				13F6D5A722ABD96C007C0853 /* 2019-06-09-MODEL-VIEW-CONTROLLER */,
				13F6D5BB22ABD96F007C0853 /* 2019-06-09-MODEL-VIEW-CONTROLLERTests */,
				13F6D5C622ABD96F007C0853 /* 2019-06-09-MODEL-VIEW-CONTROLLERUITests */,
			);
		};
/* End PBXProject section */

/* Begin PBXResourcesBuildPhase section */
		13F6D5A622ABD96C007C0853 /* Resources */ = {
			isa = PBXResourcesBuildPhase;
			buildActionMask = 2147483647;
			files = (
				13F6D5B622ABD96F007C0853 /* LaunchScreen.storyboard in Resources */,
				13F6D5B322ABD96F007C0853 /* Assets.xcassets in Resources */,
				13F6D5B122ABD96C007C0853 /* Main.storyboard in Resources */,
			);
			runOnlyForDeploymentPostprocessing = 0;
		};
		13F6D5BA22ABD96F007C0853 /* Resources */ = {
			isa = PBXResourcesBuildPhase;
			buildActionMask = 2147483647;
			files = (
			);
			runOnlyForDeploymentPostprocessing = 0;
		};
		13F6D5C522ABD96F007C0853 /* Resources */ = {
			isa = PBXResourcesBuildPhase;
			buildActionMask = 2147483647;
			files = (
			);
			runOnlyForDeploymentPostprocessing = 0;
		};
/* End PBXResourcesBuildPhase section */

/* Begin PBXSourcesBuildPhase section */
		13F6D5A422ABD96C007C0853 /* Sources */ = {
			isa = PBXSourcesBuildPhase;
			buildActionMask = 2147483647;
			files = (
				13F6D5AE22ABD96C007C0853 /* ViewController.swift in Sources */,
				13F6D5AC22ABD96C007C0853 /* AppDelegate.swift in Sources */,
			);
			runOnlyForDeploymentPostprocessing = 0;
		};
		13F6D5B822ABD96F007C0853 /* Sources */ = {
			isa = PBXSourcesBuildPhase;
			buildActionMask = 2147483647;
			files = (
				13F6D5C122ABD96F007C0853 /* _019_06_09_MODEL_VIEW_CONTROLLERTests.swift in Sources */,
			);
			runOnlyForDeploymentPostprocessing = 0;
		};
		13F6D5C322ABD96F007C0853 /* Sources */ = {
			isa = PBXSourcesBuildPhase;
			buildActionMask = 2147483647;
			files = (
				13F6D5CC22ABD96F007C0853 /* _019_06_09_MODEL_VIEW_CONTROLLERUITests.swift in Sources */,
			);
			runOnlyForDeploymentPostprocessing = 0;
		};
/* End PBXSourcesBuildPhase section */

/* Begin PBXTargetDependency section */
		13F6D5BE22ABD96F007C0853 /* PBXTargetDependency */ = {
			isa = PBXTargetDependency;
			target = 13F6D5A722ABD96C007C0853 /* 2019-06-09-MODEL-VIEW-CONTROLLER */;
			targetProxy = 13F6D5BD22ABD96F007C0853 /* PBXContainerItemProxy */;
		};
		13F6D5C922ABD96F007C0853 /* PBXTargetDependency */ = {
			isa = PBXTargetDependency;
			target = 13F6D5A722ABD96C007C0853 /* 2019-06-09-MODEL-VIEW-CONTROLLER */;
			targetProxy = 13F6D5C822ABD96F007C0853 /* PBXContainerItemProxy */;
		};
/* End PBXTargetDependency section */

/* Begin PBXVariantGroup section */
		13F6D5AF22ABD96C007C0853 /* Main.storyboard */ = {
			isa = PBXVariantGroup;
			children = (
				13F6D5B022ABD96C007C0853 /* Base */,
			);
			name = Main.storyboard;
			sourceTree = "<group>";
		};
		13F6D5B422ABD96F007C0853 /* LaunchScreen.storyboard */ = {
			isa = PBXVariantGroup;
			children = (
				13F6D5B522ABD96F007C0853 /* Base */,
			);
			name = LaunchScreen.storyboard;
			sourceTree = "<group>";
		};
/* End PBXVariantGroup section */

/* Begin XCBuildConfiguration section */
		13F6D5CE22ABD96F007C0853 /* Debug */ = {
			isa = XCBuildConfiguration;
			buildSettings = {
				ALWAYS_SEARCH_USER_PATHS = NO;
				CLANG_ANALYZER_NONNULL = YES;
				CLANG_ANALYZER_NUMBER_OBJECT_CONVERSION = YES_AGGRESSIVE;
				CLANG_CXX_LANGUAGE_STANDARD = "gnu++14";
				CLANG_CXX_LIBRARY = "libc++";
				CLANG_ENABLE_MODULES = YES;
				CLANG_ENABLE_OBJC_ARC = YES;
				CLANG_ENABLE_OBJC_WEAK = YES;
				CLANG_WARN_BLOCK_CAPTURE_AUTORELEASING = YES;
				CLANG_WARN_BOOL_CONVERSION = YES;
				CLANG_WARN_COMMA = YES;
				CLANG_WARN_CONSTANT_CONVERSION = YES;
				CLANG_WARN_DEPRECATED_OBJC_IMPLEMENTATIONS = YES;
				CLANG_WARN_DIRECT_OBJC_ISA_USAGE = YES_ERROR;
				CLANG_WARN_DOCUMENTATION_COMMENTS = YES;
				CLANG_WARN_EMPTY_BODY = YES;
				CLANG_WARN_ENUM_CONVERSION = YES;
				CLANG_WARN_INFINITE_RECURSION = YES;
				CLANG_WARN_INT_CONVERSION = YES;
				CLANG_WARN_NON_LITERAL_NULL_CONVERSION = YES;
				CLANG_WARN_OBJC_IMPLICIT_RETAIN_SELF = YES;
				CLANG_WARN_OBJC_LITERAL_CONVERSION = YES;
				CLANG_WARN_OBJC_ROOT_CLASS = YES_ERROR;
				CLANG_WARN_RANGE_LOOP_ANALYSIS = YES;
				CLANG_WARN_STRICT_PROTOTYPES = YES;
				CLANG_WARN_SUSPICIOUS_MOVE = YES;
				CLANG_WARN_UNGUARDED_AVAILABILITY = YES_AGGRESSIVE;
				CLANG_WARN_UNREACHABLE_CODE = YES;
				CLANG_WARN__DUPLICATE_METHOD_MATCH = YES;
				CODE_SIGN_IDENTITY = "iPhone Developer";
				COPY_PHASE_STRIP = NO;
				DEBUG_INFORMATION_FORMAT = dwarf;
				ENABLE_STRICT_OBJC_MSGSEND = YES;
				ENABLE_TESTABILITY = YES;
				GCC_C_LANGUAGE_STANDARD = gnu11;
				GCC_DYNAMIC_NO_PIC = NO;
				GCC_NO_COMMON_BLOCKS = YES;
				GCC_OPTIMIZATION_LEVEL = 0;
				GCC_PREPROCESSOR_DEFINITIONS = (
					"DEBUG=1",
					"$(inherited)",
				);
				GCC_WARN_64_TO_32_BIT_CONVERSION = YES;
				GCC_WARN_ABOUT_RETURN_TYPE = YES_ERROR;
				GCC_WARN_UNDECLARED_SELECTOR = YES;
				GCC_WARN_UNINITIALIZED_AUTOS = YES_AGGRESSIVE;
				GCC_WARN_UNUSED_FUNCTION = YES;
				GCC_WARN_UNUSED_VARIABLE = YES;
				IPHONEOS_DEPLOYMENT_TARGET = 12.1;
				MTL_ENABLE_DEBUG_INFO = INCLUDE_SOURCE;
				MTL_FAST_MATH = YES;
				ONLY_ACTIVE_ARCH = YES;
				SDKROOT = iphoneos;
				SWIFT_ACTIVE_COMPILATION_CONDITIONS = DEBUG;
				SWIFT_OPTIMIZATION_LEVEL = "-Onone";
			};
			name = Debug;
		};
		13F6D5CF22ABD96F007C0853 /* Release */ = {
			isa = XCBuildConfiguration;
			buildSettings = {
				ALWAYS_SEARCH_USER_PATHS = NO;
				CLANG_ANALYZER_NONNULL = YES;
				CLANG_ANALYZER_NUMBER_OBJECT_CONVERSION = YES_AGGRESSIVE;
				CLANG_CXX_LANGUAGE_STANDARD = "gnu++14";
				CLANG_CXX_LIBRARY = "libc++";
				CLANG_ENABLE_MODULES = YES;
				CLANG_ENABLE_OBJC_ARC = YES;
				CLANG_ENABLE_OBJC_WEAK = YES;
				CLANG_WARN_BLOCK_CAPTURE_AUTORELEASING = YES;
				CLANG_WARN_BOOL_CONVERSION = YES;
				CLANG_WARN_COMMA = YES;
				CLANG_WARN_CONSTANT_CONVERSION = YES;
				CLANG_WARN_DEPRECATED_OBJC_IMPLEMENTATIONS = YES;
				CLANG_WARN_DIRECT_OBJC_ISA_USAGE = YES_ERROR;
				CLANG_WARN_DOCUMENTATION_COMMENTS = YES;
				CLANG_WARN_EMPTY_BODY = YES;
				CLANG_WARN_ENUM_CONVERSION = YES;
				CLANG_WARN_INFINITE_RECURSION = YES;
				CLANG_WARN_INT_CONVERSION = YES;
				CLANG_WARN_NON_LITERAL_NULL_CONVERSION = YES;
				CLANG_WARN_OBJC_IMPLICIT_RETAIN_SELF = YES;
				CLANG_WARN_OBJC_LITERAL_CONVERSION = YES;
				CLANG_WARN_OBJC_ROOT_CLASS = YES_ERROR;
				CLANG_WARN_RANGE_LOOP_ANALYSIS = YES;
				CLANG_WARN_STRICT_PROTOTYPES = YES;
				CLANG_WARN_SUSPICIOUS_MOVE = YES;
				CLANG_WARN_UNGUARDED_AVAILABILITY = YES_AGGRESSIVE;
				CLANG_WARN_UNREACHABLE_CODE = YES;
				CLANG_WARN__DUPLICATE_METHOD_MATCH = YES;
				CODE_SIGN_IDENTITY = "iPhone Developer";
				COPY_PHASE_STRIP = NO;
				DEBUG_INFORMATION_FORMAT = "dwarf-with-dsym";
				ENABLE_NS_ASSERTIONS = NO;
				ENABLE_STRICT_OBJC_MSGSEND = YES;
				GCC_C_LANGUAGE_STANDARD = gnu11;
				GCC_NO_COMMON_BLOCKS = YES;
				GCC_WARN_64_TO_32_BIT_CONVERSION = YES;
				GCC_WARN_ABOUT_RETURN_TYPE = YES_ERROR;
				GCC_WARN_UNDECLARED_SELECTOR = YES;
				GCC_WARN_UNINITIALIZED_AUTOS = YES_AGGRESSIVE;
				GCC_WARN_UNUSED_FUNCTION = YES;
				GCC_WARN_UNUSED_VARIABLE = YES;
				IPHONEOS_DEPLOYMENT_TARGET = 12.1;
				MTL_ENABLE_DEBUG_INFO = NO;
				MTL_FAST_MATH = YES;
				SDKROOT = iphoneos;
				SWIFT_COMPILATION_MODE = wholemodule;
				SWIFT_OPTIMIZATION_LEVEL = "-O";
				VALIDATE_PRODUCT = YES;
			};
			name = Release;
		};
		13F6D5D122ABD96F007C0853 /* Debug */ = {
			isa = XCBuildConfiguration;
			buildSettings = {
				ASSETCATALOG_COMPILER_APPICON_NAME = AppIcon;
				CODE_SIGN_STYLE = Automatic;
				INFOPLIST_FILE = "2019-06-09-MODEL-VIEW-CONTROLLER/Info.plist";
				LD_RUNPATH_SEARCH_PATHS = (
					"$(inherited)",
					"@executable_path/Frameworks",
				);
				PRODUCT_BUNDLE_IDENTIFIER = "DigitalTest.-019-06-09-MODEL-VIEW-CONTROLLER";
				PRODUCT_NAME = "$(TARGET_NAME)";
				SWIFT_VERSION = 4.2;
				TARGETED_DEVICE_FAMILY = "1,2";
			};
			name = Debug;
		};
		13F6D5D222ABD96F007C0853 /* Release */ = {
			isa = XCBuildConfiguration;
			buildSettings = {
				ASSETCATALOG_COMPILER_APPICON_NAME = AppIcon;
				CODE_SIGN_STYLE = Automatic;
				INFOPLIST_FILE = "2019-06-09-MODEL-VIEW-CONTROLLER/Info.plist";
				LD_RUNPATH_SEARCH_PATHS = (
					"$(inherited)",
					"@executable_path/Frameworks",
				);
				PRODUCT_BUNDLE_IDENTIFIER = "DigitalTest.-019-06-09-MODEL-VIEW-CONTROLLER";
				PRODUCT_NAME = "$(TARGET_NAME)";
				SWIFT_VERSION = 4.2;
				TARGETED_DEVICE_FAMILY = "1,2";
			};
			name = Release;
		};
		13F6D5D422ABD96F007C0853 /* Debug */ = {
			isa = XCBuildConfiguration;
			buildSettings = {
				ALWAYS_EMBED_SWIFT_STANDARD_LIBRARIES = YES;
				BUNDLE_LOADER = "$(TEST_HOST)";
				CODE_SIGN_STYLE = Automatic;
				INFOPLIST_FILE = "2019-06-09-MODEL-VIEW-CONTROLLERTests/Info.plist";
				LD_RUNPATH_SEARCH_PATHS = (
					"$(inherited)",
					"@executable_path/Frameworks",
					"@loader_path/Frameworks",
				);
				PRODUCT_BUNDLE_IDENTIFIER = "DigitalTest.-019-06-09-MODEL-VIEW-CONTROLLERTests";
				PRODUCT_NAME = "$(TARGET_NAME)";
				SWIFT_VERSION = 4.2;
				TARGETED_DEVICE_FAMILY = "1,2";
				TEST_HOST = "$(BUILT_PRODUCTS_DIR)/2019-06-09-MODEL-VIEW-CONTROLLER.app/2019-06-09-MODEL-VIEW-CONTROLLER";
			};
			name = Debug;
		};
		13F6D5D522ABD96F007C0853 /* Release */ = {
			isa = XCBuildConfiguration;
			buildSettings = {
				ALWAYS_EMBED_SWIFT_STANDARD_LIBRARIES = YES;
				BUNDLE_LOADER = "$(TEST_HOST)";
				CODE_SIGN_STYLE = Automatic;
				INFOPLIST_FILE = "2019-06-09-MODEL-VIEW-CONTROLLERTests/Info.plist";
				LD_RUNPATH_SEARCH_PATHS = (
					"$(inherited)",
					"@executable_path/Frameworks",
					"@loader_path/Frameworks",
				);
				PRODUCT_BUNDLE_IDENTIFIER = "DigitalTest.-019-06-09-MODEL-VIEW-CONTROLLERTests";
				PRODUCT_NAME = "$(TARGET_NAME)";
				SWIFT_VERSION = 4.2;
				TARGETED_DEVICE_FAMILY = "1,2";
				TEST_HOST = "$(BUILT_PRODUCTS_DIR)/2019-06-09-MODEL-VIEW-CONTROLLER.app/2019-06-09-MODEL-VIEW-CONTROLLER";
			};
			name = Release;
		};
		13F6D5D722ABD96F007C0853 /* Debug */ = {
			isa = XCBuildConfiguration;
			buildSettings = {
				ALWAYS_EMBED_SWIFT_STANDARD_LIBRARIES = YES;
				CODE_SIGN_STYLE = Automatic;
				INFOPLIST_FILE = "2019-06-09-MODEL-VIEW-CONTROLLERUITests/Info.plist";
				LD_RUNPATH_SEARCH_PATHS = (
					"$(inherited)",
					"@executable_path/Frameworks",
					"@loader_path/Frameworks",
				);
				PRODUCT_BUNDLE_IDENTIFIER = "DigitalTest.-019-06-09-MODEL-VIEW-CONTROLLERUITests";
				PRODUCT_NAME = "$(TARGET_NAME)";
				SWIFT_VERSION = 4.2;
				TARGETED_DEVICE_FAMILY = "1,2";
				TEST_TARGET_NAME = "2019-06-09-MODEL-VIEW-CONTROLLER";
			};
			name = Debug;
		};
		13F6D5D822ABD96F007C0853 /* Release */ = {
			isa = XCBuildConfiguration;
			buildSettings = {
				ALWAYS_EMBED_SWIFT_STANDARD_LIBRARIES = YES;
				CODE_SIGN_STYLE = Automatic;
				INFOPLIST_FILE = "2019-06-09-MODEL-VIEW-CONTROLLERUITests/Info.plist";
				LD_RUNPATH_SEARCH_PATHS = (
					"$(inherited)",
					"@executable_path/Frameworks",
					"@loader_path/Frameworks",
				);
				PRODUCT_BUNDLE_IDENTIFIER = "DigitalTest.-019-06-09-MODEL-VIEW-CONTROLLERUITests";
				PRODUCT_NAME = "$(TARGET_NAME)";
				SWIFT_VERSION = 4.2;
				TARGETED_DEVICE_FAMILY = "1,2";
				TEST_TARGET_NAME = "2019-06-09-MODEL-VIEW-CONTROLLER";
			};
			name = Release;
		};
/* End XCBuildConfiguration section */

/* Begin XCConfigurationList section */
		13F6D5A322ABD96C007C0853 /* Build configuration list for PBXProject "2019-06-09-MODEL-VIEW-CONTROLLER" */ = {
			isa = XCConfigurationList;
			buildConfigurations = (
				13F6D5CE22ABD96F007C0853 /* Debug */,
				13F6D5CF22ABD96F007C0853 /* Release */,
			);
			defaultConfigurationIsVisible = 0;
			defaultConfigurationName = Release;
		};
		13F6D5D022ABD96F007C0853 /* Build configuration list for PBXNativeTarget "2019-06-09-MODEL-VIEW-CONTROLLER" */ = {
			isa = XCConfigurationList;
			buildConfigurations = (
				13F6D5D122ABD96F007C0853 /* Debug */,
				13F6D5D222ABD96F007C0853 /* Release */,
			);
			defaultConfigurationIsVisible = 0;
			defaultConfigurationName = Release;
		};
		13F6D5D322ABD96F007C0853 /* Build configuration list for PBXNativeTarget "2019-06-09-MODEL-VIEW-CONTROLLERTests" */ = {
			isa = XCConfigurationList;
			buildConfigurations = (
				13F6D5D422ABD96F007C0853 /* Debug */,
				13F6D5D522ABD96F007C0853 /* Release */,
			);
			defaultConfigurationIsVisible = 0;
			defaultConfigurationName = Release;
		};
		13F6D5D622ABD96F007C0853 /* Build configuration list for PBXNativeTarget "2019-06-09-MODEL-VIEW-CONTROLLERUITests" */ = {
			isa = XCConfigurationList;
			buildConfigurations = (
				13F6D5D722ABD96F007C0853 /* Debug */,
				13F6D5D822ABD96F007C0853 /* Release */,
			);
			defaultConfigurationIsVisible = 0;
			defaultConfigurationName = Release;
		};
/* End XCConfigurationList section */
	};
	rootObject = 13F6D5A022ABD96C007C0853 /* Project object */;
}
